
Microsoft Visual Studio Solution File, Format Version 12.00
# Visual Studio 15
VisualStudioVersion = 15.0.27703.2000
MinimumVisualStudioVersion = 10.0.40219.1
Project("{FAE04EC0-301F-11D3-BF4B-00C04F79EFBC}") = "TestProjectSqlStackOverflow", "TestProjectSqlStackOverflow\TestProjectSqlStackOverflow.csproj", "{BB6E8247-A83B-4529-B211-6646F83133A9}"
EndProject
Global
	GlobalSection(SolutionConfigurationPlatforms) = preSolution
		Debug|Any CPU = Debug|Any CPU
		Release|Any CPU = Release|Any CPU
	EndGlobalSection
	GlobalSection(ProjectConfigurationPlatforms) = postSolution
		{BB6E8247-A83B-4529-B211-6646F83133A9}.Debug|Any CPU.ActiveCfg = Debug|Any CPU
		{BB6E8247-A83B-4529-B211-6646F83133A9}.Debug|Any CPU.Build.0 = Debug|Any CPU
		{BB6E8247-A83B-4529-B211-6646F83133A9}.Release|Any CPU.ActiveCfg = Release|Any CPU
		{BB6E8247-A83B-4529-B211-6646F83133A9}.Release|Any CPU.Build.0 = Release|Any CPU
	EndGlobalSection
	GlobalSection(SolutionProperties) = preSolution
		HideSolutionNode = FALSE
	EndGlobalSection
	GlobalSection(ExtensibilityGlobals) = postSolution
		SolutionGuid = {224197E5-DD03-4699-BA2F-F550A010DB1B}
	EndGlobalSection
EndGlobal
